// !$*UTF8*$!
{
	archiveVersion = 1;
	classes = {
	};
	objectVersion = 46;
	objects = {

/* Begin PBXBuildFile section */
		7C00883818A8F84B00ED4B31 /* Foundation.framework in Frameworks */ = {isa = PBXBuildFile; fileRef = 7C00883718A8F84B00ED4B31 /* Foundation.framework */; };
		7C00883A18A8F84B00ED4B31 /* CoreGraphics.framework in Frameworks */ = {isa = PBXBuildFile; fileRef = 7C00883918A8F84B00ED4B31 /* CoreGraphics.framework */; };
		7C00883C18A8F84B00ED4B31 /* UIKit.framework in Frameworks */ = {isa = PBXBuildFile; fileRef = 7C00883B18A8F84B00ED4B31 /* UIKit.framework */; };
		7C00884218A8F84B00ED4B31 /* InfoPlist.strings in Resources */ = {isa = PBXBuildFile; fileRef = 7C00884018A8F84B00ED4B31 /* InfoPlist.strings */; };
		7C00884418A8F84B00ED4B31 /* main.m in Sources */ = {isa = PBXBuildFile; fileRef = 7C00884318A8F84B00ED4B31 /* main.m */; };
		7C00884818A8F84B00ED4B31 /* AppDelegate.m in Sources */ = {isa = PBXBuildFile; fileRef = 7C00884718A8F84B00ED4B31 /* AppDelegate.m */; };
		7C00885318A8F84B00ED4B31 /* Images.xcassets in Resources */ = {isa = PBXBuildFile; fileRef = 7C00885218A8F84B00ED4B31 /* Images.xcassets */; };
		7C01A55B18B6AB2D007284F5 /* MasterViewHeader.m in Sources */ = {isa = PBXBuildFile; fileRef = 7C01A55A18B6AB2D007284F5 /* MasterViewHeader.m */; };
		7C064FBD18F1A790005CD375 /* BounceLayout.m in Sources */ = {isa = PBXBuildFile; fileRef = 7C064FBC18F1A790005CD375 /* BounceLayout.m */; };
		7C064FC018F1A99E005CD375 /* PagerLayout.m in Sources */ = {isa = PBXBuildFile; fileRef = 7C064FBF18F1A99E005CD375 /* PagerLayout.m */; };
		7C213DCC18B34F2B00F96B01 /* Note.m in Sources */ = {isa = PBXBuildFile; fileRef = 7C213DCB18B34F2B00F96B01 /* Note.m */; };
		7C213DCF18B3817300F96B01 /* Session.m in Sources */ = {isa = PBXBuildFile; fileRef = 7C213DCE18B3817300F96B01 /* Session.m */; };
		7C213DD218B384B300F96B01 /* FavouritesViewController.m in Sources */ = {isa = PBXBuildFile; fileRef = 7C213DD118B384B300F96B01 /* FavouritesViewController.m */; };
		7C213DD518B3A25F00F96B01 /* NotesViewController.m in Sources */ = {isa = PBXBuildFile; fileRef = 7C213DD418B3A25F00F96B01 /* NotesViewController.m */; };
		7C2D195118BE3D36009C16E4 /* GrabberView.m in Sources */ = {isa = PBXBuildFile; fileRef = 7C2D195018BE3D36009C16E4 /* GrabberView.m */; };
		7C2F3B4F18B73A3300A8A034 /* FavouriteCell.m in Sources */ = {isa = PBXBuildFile; fileRef = 7C2F3B4E18B73A3300A8A034 /* FavouriteCell.m */; };
		7C2F3B5218B7417900A8A034 /* NoteCell.m in Sources */ = {isa = PBXBuildFile; fileRef = 7C2F3B5118B7417900A8A034 /* NoteCell.m */; };
		7C2FC85118ED745B00E3073F /* BaseViewController.m in Sources */ = {isa = PBXBuildFile; fileRef = 7C2FC85018ED745B00E3073F /* BaseViewController.m */; };
		7C34A64318B2268A00EC31DA /* Sponsor.m in Sources */ = {isa = PBXBuildFile; fileRef = 7C34A64218B2268A00EC31DA /* Sponsor.m */; };
		7C34A64918B2268A00EC31DA /* Speaker.m in Sources */ = {isa = PBXBuildFile; fileRef = 7C34A64818B2268A00EC31DA /* Speaker.m */; };
		7C34A64B18B2379D00EC31DA /* CoreData.framework in Frameworks */ = {isa = PBXBuildFile; fileRef = 7C34A64A18B2379D00EC31DA /* CoreData.framework */; };
		7C34A64E18B24BE700EC31DA /* CalendarActivityCell.m in Sources */ = {isa = PBXBuildFile; fileRef = 7C34A64D18B24BE700EC31DA /* CalendarActivityCell.m */; };
		7C34A65118B26AD800EC31DA /* NSDictionary+SortedKeys.m in Sources */ = {isa = PBXBuildFile; fileRef = 7C34A65018B26AD800EC31DA /* NSDictionary+SortedKeys.m */; };
		7C355C8318B6727000BB72B0 /* VenueImages.bundle in Resources */ = {isa = PBXBuildFile; fileRef = 7C355C8218B6727000BB72B0 /* VenueImages.bundle */; };
		7C3840FB18AC0B0300A85C31 /* SponsorCell.m in Sources */ = {isa = PBXBuildFile; fileRef = 7C3840FA18AC0B0300A85C31 /* SponsorCell.m */; };
		7C3840FE18AC0B4900A85C31 /* SponsorsViewController.m in Sources */ = {isa = PBXBuildFile; fileRef = 7C3840FD18AC0B4900A85C31 /* SponsorsViewController.m */; };
		7C3BC57018B0FBE700CA0FC0 /* CodeFrontio.xcdatamodeld in Sources */ = {isa = PBXBuildFile; fileRef = 7C3BC56E18B0FBE700CA0FC0 /* CodeFrontio.xcdatamodeld */; };
		7C3BC58618B1011500CA0FC0 /* Sponsor+Create.m in Sources */ = {isa = PBXBuildFile; fileRef = 7C3BC58518B1011500CA0FC0 /* Sponsor+Create.m */; };
		7C3BC58918B1011F00CA0FC0 /* Session+Create.m in Sources */ = {isa = PBXBuildFile; fileRef = 7C3BC58818B1011F00CA0FC0 /* Session+Create.m */; };
		7C3BC58C18B1012900CA0FC0 /* Speaker+Create.m in Sources */ = {isa = PBXBuildFile; fileRef = 7C3BC58B18B1012900CA0FC0 /* Speaker+Create.m */; };
		7C3BC59618B10C9C00CA0FC0 /* Manager.m in Sources */ = {isa = PBXBuildFile; fileRef = 7C3BC59518B10C9C00CA0FC0 /* Manager.m */; };
		7C422F9118A8FA4800195D6C /* iPad.storyboard in Resources */ = {isa = PBXBuildFile; fileRef = 7C422F9018A8FA4800195D6C /* iPad.storyboard */; };
		7C422F9218A8FA6800195D6C /* Localizable.strings in Resources */ = {isa = PBXBuildFile; fileRef = 7C422F9418A8FA6800195D6C /* Localizable.strings */; };
		7C422F9D18A8FE5F00195D6C /* MasterViewController.m in Sources */ = {isa = PBXBuildFile; fileRef = 7C422F9C18A8FE5F00195D6C /* MasterViewController.m */; };
		7C83BB4718AAA954003D3557 /* VenueViewController.m in Sources */ = {isa = PBXBuildFile; fileRef = 7C83BB4618AAA954003D3557 /* VenueViewController.m */; };
		7C83BB4A18AAD12A003D3557 /* SessionViewController.m in Sources */ = {isa = PBXBuildFile; fileRef = 7C83BB4918AAD12A003D3557 /* SessionViewController.m */; };
		7C83BB4E18AAD7B0003D3557 /* SpeakerCell.m in Sources */ = {isa = PBXBuildFile; fileRef = 7C83BB4D18AAD7B0003D3557 /* SpeakerCell.m */; };
		7C83BB5118AAD7BE003D3557 /* NotesCell.m in Sources */ = {isa = PBXBuildFile; fileRef = 7C83BB5018AAD7BE003D3557 /* NotesCell.m */; };
		7C83BB5418AAD7C7003D3557 /* PhotosCell.m in Sources */ = {isa = PBXBuildFile; fileRef = 7C83BB5318AAD7C7003D3557 /* PhotosCell.m */; };
		7C83BB5718AADD40003D3557 /* PhotoCell.m in Sources */ = {isa = PBXBuildFile; fileRef = 7C83BB5618AADD40003D3557 /* PhotoCell.m */; };
		7CACCFDD18A906F900D66A15 /* MenuCell.m in Sources */ = {isa = PBXBuildFile; fileRef = 7CACCFDC18A906F900D66A15 /* MenuCell.m */; };
		7CACCFE518A90CB200D66A15 /* CalendarViewController.m in Sources */ = {isa = PBXBuildFile; fileRef = 7CACCFE418A90CB200D66A15 /* CalendarViewController.m */; };
		7CACCFEA18A9142900D66A15 /* RFQuiltLayout.m in Sources */ = {isa = PBXBuildFile; fileRef = 7CACCFE918A9142900D66A15 /* RFQuiltLayout.m */; };
		7CCB106918AE1D2A007A2486 /* LinzAPIClient.m in Sources */ = {isa = PBXBuildFile; fileRef = 7CCB106818AE1D2A007A2486 /* LinzAPIClient.m */; };
		7CCB106B18AE4BF3007A2486 /* MasterViewHeader.xib in Resources */ = {isa = PBXBuildFile; fileRef = 7CCB106A18AE4BF3007A2486 /* MasterViewHeader.xib */; };
		7CCB106F18AE5BAA007A2486 /* UIImage+FromUIColor.m in Sources */ = {isa = PBXBuildFile; fileRef = 7CCB106E18AE5BAA007A2486 /* UIImage+FromUIColor.m */; };
		7CCB107518AE5DF3007A2486 /* CalendarSessionCell.m in Sources */ = {isa = PBXBuildFile; fileRef = 7CCB107218AE5DF3007A2486 /* CalendarSessionCell.m */; };
		7CCB107618AE5DF3007A2486 /* CalendarTimeCell.m in Sources */ = {isa = PBXBuildFile; fileRef = 7CCB107418AE5DF3007A2486 /* CalendarTimeCell.m */; };
		7CDE9FEB18B4B9DA00E2F619 /* Photo.m in Sources */ = {isa = PBXBuildFile; fileRef = 7CDE9FEA18B4B9DA00E2F619 /* Photo.m */; };
		7CFF7B2918EE9A9800A674F2 /* iPhone.storyboard in Resources */ = {isa = PBXBuildFile; fileRef = 7CFF7B2818EE9A9800A674F2 /* iPhone.storyboard */; };
		BCA93DB8D5A044DCBF5B4EA4 /* libPods-CodeFrontio-2014.a in Frameworks */ = {isa = PBXBuildFile; fileRef = A302BFD5A71F4B95B3A6CFB0 /* libPods-CodeFrontio-2014.a */; };
/* End PBXBuildFile section */

/* Begin PBXFileReference section */
		7C00883418A8F84B00ED4B31 /* CodeFrontio-2014.app */ = {isa = PBXFileReference; explicitFileType = wrapper.application; includeInIndex = 0; path = "CodeFrontio-2014.app"; sourceTree = BUILT_PRODUCTS_DIR; };
		7C00883718A8F84B00ED4B31 /* Foundation.framework */ = {isa = PBXFileReference; lastKnownFileType = wrapper.framework; name = Foundation.framework; path = System/Library/Frameworks/Foundation.framework; sourceTree = SDKROOT; };
		7C00883918A8F84B00ED4B31 /* CoreGraphics.framework */ = {isa = PBXFileReference; lastKnownFileType = wrapper.framework; name = CoreGraphics.framework; path = System/Library/Frameworks/CoreGraphics.framework; sourceTree = SDKROOT; };
		7C00883B18A8F84B00ED4B31 /* UIKit.framework */ = {isa = PBXFileReference; lastKnownFileType = wrapper.framework; name = UIKit.framework; path = System/Library/Frameworks/UIKit.framework; sourceTree = SDKROOT; };
		7C00883F18A8F84B00ED4B31 /* CodeFrontio-2014-Info.plist */ = {isa = PBXFileReference; lastKnownFileType = text.plist.xml; path = "CodeFrontio-2014-Info.plist"; sourceTree = "<group>"; };
		7C00884118A8F84B00ED4B31 /* en */ = {isa = PBXFileReference; lastKnownFileType = text.plist.strings; name = en; path = en.lproj/InfoPlist.strings; sourceTree = "<group>"; };
		7C00884318A8F84B00ED4B31 /* main.m */ = {isa = PBXFileReference; lastKnownFileType = sourcecode.c.objc; path = main.m; sourceTree = "<group>"; };
		7C00884518A8F84B00ED4B31 /* CodeFrontio-Prefix.pch */ = {isa = PBXFileReference; lastKnownFileType = sourcecode.c.h; path = "CodeFrontio-Prefix.pch"; sourceTree = "<group>"; };
		7C00884618A8F84B00ED4B31 /* AppDelegate.h */ = {isa = PBXFileReference; lastKnownFileType = sourcecode.c.h; path = AppDelegate.h; sourceTree = "<group>"; };
		7C00884718A8F84B00ED4B31 /* AppDelegate.m */ = {isa = PBXFileReference; lastKnownFileType = sourcecode.c.objc; path = AppDelegate.m; sourceTree = "<group>"; };
		7C00885218A8F84B00ED4B31 /* Images.xcassets */ = {isa = PBXFileReference; lastKnownFileType = folder.assetcatalog; path = Images.xcassets; sourceTree = "<group>"; };
		7C01A55918B6AB2D007284F5 /* MasterViewHeader.h */ = {isa = PBXFileReference; fileEncoding = 4; lastKnownFileType = sourcecode.c.h; path = MasterViewHeader.h; sourceTree = "<group>"; };
		7C01A55A18B6AB2D007284F5 /* MasterViewHeader.m */ = {isa = PBXFileReference; fileEncoding = 4; lastKnownFileType = sourcecode.c.objc; path = MasterViewHeader.m; sourceTree = "<group>"; };
		7C064FBB18F1A790005CD375 /* BounceLayout.h */ = {isa = PBXFileReference; fileEncoding = 4; lastKnownFileType = sourcecode.c.h; path = BounceLayout.h; sourceTree = "<group>"; };
		7C064FBC18F1A790005CD375 /* BounceLayout.m */ = {isa = PBXFileReference; fileEncoding = 4; lastKnownFileType = sourcecode.c.objc; path = BounceLayout.m; sourceTree = "<group>"; };
		7C064FBE18F1A99E005CD375 /* PagerLayout.h */ = {isa = PBXFileReference; fileEncoding = 4; lastKnownFileType = sourcecode.c.h; path = PagerLayout.h; sourceTree = "<group>"; };
		7C064FBF18F1A99E005CD375 /* PagerLayout.m */ = {isa = PBXFileReference; fileEncoding = 4; lastKnownFileType = sourcecode.c.objc; path = PagerLayout.m; sourceTree = "<group>"; };
		7C213DCA18B34F2B00F96B01 /* Note.h */ = {isa = PBXFileReference; fileEncoding = 4; lastKnownFileType = sourcecode.c.h; path = Note.h; sourceTree = "<group>"; };
		7C213DCB18B34F2B00F96B01 /* Note.m */ = {isa = PBXFileReference; fileEncoding = 4; lastKnownFileType = sourcecode.c.objc; path = Note.m; sourceTree = "<group>"; };
		7C213DCD18B3817300F96B01 /* Session.h */ = {isa = PBXFileReference; fileEncoding = 4; lastKnownFileType = sourcecode.c.h; path = Session.h; sourceTree = "<group>"; };
		7C213DCE18B3817300F96B01 /* Session.m */ = {isa = PBXFileReference; fileEncoding = 4; lastKnownFileType = sourcecode.c.objc; path = Session.m; sourceTree = "<group>"; };
		7C213DD018B384B300F96B01 /* FavouritesViewController.h */ = {isa = PBXFileReference; fileEncoding = 4; lastKnownFileType = sourcecode.c.h; path = FavouritesViewController.h; sourceTree = "<group>"; };
		7C213DD118B384B300F96B01 /* FavouritesViewController.m */ = {isa = PBXFileReference; fileEncoding = 4; lastKnownFileType = sourcecode.c.objc; path = FavouritesViewController.m; sourceTree = "<group>"; };
		7C213DD318B3A25F00F96B01 /* NotesViewController.h */ = {isa = PBXFileReference; fileEncoding = 4; lastKnownFileType = sourcecode.c.h; path = NotesViewController.h; sourceTree = "<group>"; };
		7C213DD418B3A25F00F96B01 /* NotesViewController.m */ = {isa = PBXFileReference; fileEncoding = 4; lastKnownFileType = sourcecode.c.objc; path = NotesViewController.m; sourceTree = "<group>"; };
		7C2D194F18BE3D36009C16E4 /* GrabberView.h */ = {isa = PBXFileReference; fileEncoding = 4; lastKnownFileType = sourcecode.c.h; path = GrabberView.h; sourceTree = "<group>"; };
		7C2D195018BE3D36009C16E4 /* GrabberView.m */ = {isa = PBXFileReference; fileEncoding = 4; lastKnownFileType = sourcecode.c.objc; path = GrabberView.m; sourceTree = "<group>"; };
		7C2F3B4D18B73A3300A8A034 /* FavouriteCell.h */ = {isa = PBXFileReference; fileEncoding = 4; lastKnownFileType = sourcecode.c.h; path = FavouriteCell.h; sourceTree = "<group>"; };
		7C2F3B4E18B73A3300A8A034 /* FavouriteCell.m */ = {isa = PBXFileReference; fileEncoding = 4; lastKnownFileType = sourcecode.c.objc; path = FavouriteCell.m; sourceTree = "<group>"; };
		7C2F3B5018B7417900A8A034 /* NoteCell.h */ = {isa = PBXFileReference; fileEncoding = 4; lastKnownFileType = sourcecode.c.h; path = NoteCell.h; sourceTree = "<group>"; };
		7C2F3B5118B7417900A8A034 /* NoteCell.m */ = {isa = PBXFileReference; fileEncoding = 4; lastKnownFileType = sourcecode.c.objc; path = NoteCell.m; sourceTree = "<group>"; };
		7C2FC84F18ED745B00E3073F /* BaseViewController.h */ = {isa = PBXFileReference; fileEncoding = 4; lastKnownFileType = sourcecode.c.h; path = BaseViewController.h; sourceTree = "<group>"; };
		7C2FC85018ED745B00E3073F /* BaseViewController.m */ = {isa = PBXFileReference; fileEncoding = 4; lastKnownFileType = sourcecode.c.objc; path = BaseViewController.m; sourceTree = "<group>"; };
		7C34A64118B2268A00EC31DA /* Sponsor.h */ = {isa = PBXFileReference; fileEncoding = 4; lastKnownFileType = sourcecode.c.h; path = Sponsor.h; sourceTree = "<group>"; };
		7C34A64218B2268A00EC31DA /* Sponsor.m */ = {isa = PBXFileReference; fileEncoding = 4; lastKnownFileType = sourcecode.c.objc; path = Sponsor.m; sourceTree = "<group>"; };
		7C34A64718B2268A00EC31DA /* Speaker.h */ = {isa = PBXFileReference; fileEncoding = 4; lastKnownFileType = sourcecode.c.h; path = Speaker.h; sourceTree = "<group>"; };
		7C34A64818B2268A00EC31DA /* Speaker.m */ = {isa = PBXFileReference; fileEncoding = 4; lastKnownFileType = sourcecode.c.objc; path = Speaker.m; sourceTree = "<group>"; };
		7C34A64A18B2379D00EC31DA /* CoreData.framework */ = {isa = PBXFileReference; lastKnownFileType = wrapper.framework; name = CoreData.framework; path = System/Library/Frameworks/CoreData.framework; sourceTree = SDKROOT; };
		7C34A64C18B24BE700EC31DA /* CalendarActivityCell.h */ = {isa = PBXFileReference; fileEncoding = 4; lastKnownFileType = sourcecode.c.h; path = CalendarActivityCell.h; sourceTree = "<group>"; };
		7C34A64D18B24BE700EC31DA /* CalendarActivityCell.m */ = {isa = PBXFileReference; fileEncoding = 4; lastKnownFileType = sourcecode.c.objc; path = CalendarActivityCell.m; sourceTree = "<group>"; };
		7C34A64F18B26AD800EC31DA /* NSDictionary+SortedKeys.h */ = {isa = PBXFileReference; fileEncoding = 4; lastKnownFileType = sourcecode.c.h; path = "NSDictionary+SortedKeys.h"; sourceTree = "<group>"; };
		7C34A65018B26AD800EC31DA /* NSDictionary+SortedKeys.m */ = {isa = PBXFileReference; fileEncoding = 4; lastKnownFileType = sourcecode.c.objc; path = "NSDictionary+SortedKeys.m"; sourceTree = "<group>"; };
		7C355C8218B6727000BB72B0 /* VenueImages.bundle */ = {isa = PBXFileReference; lastKnownFileType = "wrapper.plug-in"; path = VenueImages.bundle; sourceTree = "<group>"; };
		7C3840F918AC0B0300A85C31 /* SponsorCell.h */ = {isa = PBXFileReference; fileEncoding = 4; lastKnownFileType = sourcecode.c.h; path = SponsorCell.h; sourceTree = "<group>"; };
		7C3840FA18AC0B0300A85C31 /* SponsorCell.m */ = {isa = PBXFileReference; fileEncoding = 4; lastKnownFileType = sourcecode.c.objc; path = SponsorCell.m; sourceTree = "<group>"; };
		7C3840FC18AC0B4900A85C31 /* SponsorsViewController.h */ = {isa = PBXFileReference; fileEncoding = 4; lastKnownFileType = sourcecode.c.h; path = SponsorsViewController.h; sourceTree = "<group>"; };
		7C3840FD18AC0B4900A85C31 /* SponsorsViewController.m */ = {isa = PBXFileReference; fileEncoding = 4; lastKnownFileType = sourcecode.c.objc; path = SponsorsViewController.m; sourceTree = "<group>"; };
		7C3BC56F18B0FBE700CA0FC0 /* CodeFrontio.xcdatamodel */ = {isa = PBXFileReference; lastKnownFileType = wrapper.xcdatamodel; path = CodeFrontio.xcdatamodel; sourceTree = "<group>"; };
		7C3BC58418B1011500CA0FC0 /* Sponsor+Create.h */ = {isa = PBXFileReference; fileEncoding = 4; lastKnownFileType = sourcecode.c.h; path = "Sponsor+Create.h"; sourceTree = "<group>"; };
		7C3BC58518B1011500CA0FC0 /* Sponsor+Create.m */ = {isa = PBXFileReference; fileEncoding = 4; lastKnownFileType = sourcecode.c.objc; path = "Sponsor+Create.m"; sourceTree = "<group>"; };
		7C3BC58718B1011F00CA0FC0 /* Session+Create.h */ = {isa = PBXFileReference; fileEncoding = 4; lastKnownFileType = sourcecode.c.h; path = "Session+Create.h"; sourceTree = "<group>"; };
		7C3BC58818B1011F00CA0FC0 /* Session+Create.m */ = {isa = PBXFileReference; fileEncoding = 4; lastKnownFileType = sourcecode.c.objc; path = "Session+Create.m"; sourceTree = "<group>"; };
		7C3BC58A18B1012900CA0FC0 /* Speaker+Create.h */ = {isa = PBXFileReference; fileEncoding = 4; lastKnownFileType = sourcecode.c.h; path = "Speaker+Create.h"; sourceTree = "<group>"; };
		7C3BC58B18B1012900CA0FC0 /* Speaker+Create.m */ = {isa = PBXFileReference; fileEncoding = 4; lastKnownFileType = sourcecode.c.objc; path = "Speaker+Create.m"; sourceTree = "<group>"; };
		7C3BC59418B10C9C00CA0FC0 /* Manager.h */ = {isa = PBXFileReference; fileEncoding = 4; lastKnownFileType = sourcecode.c.h; path = Manager.h; sourceTree = "<group>"; };
		7C3BC59518B10C9C00CA0FC0 /* Manager.m */ = {isa = PBXFileReference; fileEncoding = 4; lastKnownFileType = sourcecode.c.objc; path = Manager.m; sourceTree = "<group>"; };
		7C422F9018A8FA4800195D6C /* iPad.storyboard */ = {isa = PBXFileReference; fileEncoding = 4; lastKnownFileType = file.storyboard; path = iPad.storyboard; sourceTree = "<group>"; };
		7C422F9318A8FA6800195D6C /* en */ = {isa = PBXFileReference; lastKnownFileType = text.plist.strings; name = en; path = en.lproj/Localizable.strings; sourceTree = "<group>"; };
		7C422F9518A8FA7000195D6C /* tr */ = {isa = PBXFileReference; lastKnownFileType = text.plist.strings; name = tr; path = tr.lproj/InfoPlist.strings; sourceTree = "<group>"; };
		7C422F9618A8FA7000195D6C /* tr */ = {isa = PBXFileReference; lastKnownFileType = text.plist.strings; name = tr; path = tr.lproj/Localizable.strings; sourceTree = "<group>"; };
		7C422F9B18A8FE5F00195D6C /* MasterViewController.h */ = {isa = PBXFileReference; fileEncoding = 4; lastKnownFileType = sourcecode.c.h; path = MasterViewController.h; sourceTree = "<group>"; };
		7C422F9C18A8FE5F00195D6C /* MasterViewController.m */ = {isa = PBXFileReference; fileEncoding = 4; lastKnownFileType = sourcecode.c.objc; path = MasterViewController.m; sourceTree = "<group>"; };
		7C83BB4518AAA954003D3557 /* VenueViewController.h */ = {isa = PBXFileReference; fileEncoding = 4; lastKnownFileType = sourcecode.c.h; path = VenueViewController.h; sourceTree = "<group>"; };
		7C83BB4618AAA954003D3557 /* VenueViewController.m */ = {isa = PBXFileReference; fileEncoding = 4; lastKnownFileType = sourcecode.c.objc; path = VenueViewController.m; sourceTree = "<group>"; };
		7C83BB4818AAD12A003D3557 /* SessionViewController.h */ = {isa = PBXFileReference; fileEncoding = 4; lastKnownFileType = sourcecode.c.h; path = SessionViewController.h; sourceTree = "<group>"; };
		7C83BB4918AAD12A003D3557 /* SessionViewController.m */ = {isa = PBXFileReference; fileEncoding = 4; lastKnownFileType = sourcecode.c.objc; path = SessionViewController.m; sourceTree = "<group>"; };
		7C83BB4C18AAD7B0003D3557 /* SpeakerCell.h */ = {isa = PBXFileReference; fileEncoding = 4; lastKnownFileType = sourcecode.c.h; path = SpeakerCell.h; sourceTree = "<group>"; };
		7C83BB4D18AAD7B0003D3557 /* SpeakerCell.m */ = {isa = PBXFileReference; fileEncoding = 4; lastKnownFileType = sourcecode.c.objc; path = SpeakerCell.m; sourceTree = "<group>"; };
		7C83BB4F18AAD7BE003D3557 /* NotesCell.h */ = {isa = PBXFileReference; fileEncoding = 4; lastKnownFileType = sourcecode.c.h; path = NotesCell.h; sourceTree = "<group>"; };
		7C83BB5018AAD7BE003D3557 /* NotesCell.m */ = {isa = PBXFileReference; fileEncoding = 4; lastKnownFileType = sourcecode.c.objc; path = NotesCell.m; sourceTree = "<group>"; };
		7C83BB5218AAD7C7003D3557 /* PhotosCell.h */ = {isa = PBXFileReference; fileEncoding = 4; lastKnownFileType = sourcecode.c.h; path = PhotosCell.h; sourceTree = "<group>"; };
		7C83BB5318AAD7C7003D3557 /* PhotosCell.m */ = {isa = PBXFileReference; fileEncoding = 4; lastKnownFileType = sourcecode.c.objc; path = PhotosCell.m; sourceTree = "<group>"; };
		7C83BB5518AADD40003D3557 /* PhotoCell.h */ = {isa = PBXFileReference; fileEncoding = 4; lastKnownFileType = sourcecode.c.h; path = PhotoCell.h; sourceTree = "<group>"; };
		7C83BB5618AADD40003D3557 /* PhotoCell.m */ = {isa = PBXFileReference; fileEncoding = 4; lastKnownFileType = sourcecode.c.objc; path = PhotoCell.m; sourceTree = "<group>"; };
		7CACCFDB18A906F900D66A15 /* MenuCell.h */ = {isa = PBXFileReference; fileEncoding = 4; lastKnownFileType = sourcecode.c.h; path = MenuCell.h; sourceTree = "<group>"; };
		7CACCFDC18A906F900D66A15 /* MenuCell.m */ = {isa = PBXFileReference; fileEncoding = 4; lastKnownFileType = sourcecode.c.objc; path = MenuCell.m; sourceTree = "<group>"; };
		7CACCFE318A90CB200D66A15 /* CalendarViewController.h */ = {isa = PBXFileReference; fileEncoding = 4; lastKnownFileType = sourcecode.c.h; path = CalendarViewController.h; sourceTree = "<group>"; };
		7CACCFE418A90CB200D66A15 /* CalendarViewController.m */ = {isa = PBXFileReference; fileEncoding = 4; lastKnownFileType = sourcecode.c.objc; path = CalendarViewController.m; sourceTree = "<group>"; };
		7CACCFE818A9142900D66A15 /* RFQuiltLayout.h */ = {isa = PBXFileReference; fileEncoding = 4; lastKnownFileType = sourcecode.c.h; path = RFQuiltLayout.h; sourceTree = "<group>"; };
		7CACCFE918A9142900D66A15 /* RFQuiltLayout.m */ = {isa = PBXFileReference; fileEncoding = 4; lastKnownFileType = sourcecode.c.objc; path = RFQuiltLayout.m; sourceTree = "<group>"; };
		7CCB106718AE1D2A007A2486 /* LinzAPIClient.h */ = {isa = PBXFileReference; fileEncoding = 4; lastKnownFileType = sourcecode.c.h; path = LinzAPIClient.h; sourceTree = "<group>"; };
		7CCB106818AE1D2A007A2486 /* LinzAPIClient.m */ = {isa = PBXFileReference; fileEncoding = 4; lastKnownFileType = sourcecode.c.objc; path = LinzAPIClient.m; sourceTree = "<group>"; };
		7CCB106A18AE4BF3007A2486 /* MasterViewHeader.xib */ = {isa = PBXFileReference; fileEncoding = 4; lastKnownFileType = file.xib; path = MasterViewHeader.xib; sourceTree = "<group>"; };
		7CCB106D18AE5BAA007A2486 /* UIImage+FromUIColor.h */ = {isa = PBXFileReference; fileEncoding = 4; lastKnownFileType = sourcecode.c.h; path = "UIImage+FromUIColor.h"; sourceTree = "<group>"; };
		7CCB106E18AE5BAA007A2486 /* UIImage+FromUIColor.m */ = {isa = PBXFileReference; fileEncoding = 4; lastKnownFileType = sourcecode.c.objc; path = "UIImage+FromUIColor.m"; sourceTree = "<group>"; };
		7CCB107118AE5DF3007A2486 /* CalendarSessionCell.h */ = {isa = PBXFileReference; fileEncoding = 4; lastKnownFileType = sourcecode.c.h; path = CalendarSessionCell.h; sourceTree = "<group>"; };
		7CCB107218AE5DF3007A2486 /* CalendarSessionCell.m */ = {isa = PBXFileReference; fileEncoding = 4; lastKnownFileType = sourcecode.c.objc; path = CalendarSessionCell.m; sourceTree = "<group>"; };
		7CCB107318AE5DF3007A2486 /* CalendarTimeCell.h */ = {isa = PBXFileReference; fileEncoding = 4; lastKnownFileType = sourcecode.c.h; path = CalendarTimeCell.h; sourceTree = "<group>"; };
		7CCB107418AE5DF3007A2486 /* CalendarTimeCell.m */ = {isa = PBXFileReference; fileEncoding = 4; lastKnownFileType = sourcecode.c.objc; path = CalendarTimeCell.m; sourceTree = "<group>"; };
		7CDE9FE918B4B9DA00E2F619 /* Photo.h */ = {isa = PBXFileReference; fileEncoding = 4; lastKnownFileType = sourcecode.c.h; path = Photo.h; sourceTree = "<group>"; };
		7CDE9FEA18B4B9DA00E2F619 /* Photo.m */ = {isa = PBXFileReference; fileEncoding = 4; lastKnownFileType = sourcecode.c.objc; path = Photo.m; sourceTree = "<group>"; };
		7CFF7B2818EE9A9800A674F2 /* iPhone.storyboard */ = {isa = PBXFileReference; fileEncoding = 4; lastKnownFileType = file.storyboard; path = iPhone.storyboard; sourceTree = "<group>"; };
		A302BFD5A71F4B95B3A6CFB0 /* libPods-CodeFrontio-2014.a */ = {isa = PBXFileReference; explicitFileType = archive.ar; includeInIndex = 0; path = "libPods-CodeFrontio-2014.a"; sourceTree = BUILT_PRODUCTS_DIR; };
		A8D757C9049C42AEB515F8C2 /* Pods-CodeFrontio-2014.xcconfig */ = {isa = PBXFileReference; includeInIndex = 1; lastKnownFileType = text.xcconfig; name = "Pods-CodeFrontio-2014.xcconfig"; path = "Pods/Pods-CodeFrontio-2014.xcconfig"; sourceTree = "<group>"; };
/* End PBXFileReference section */

/* Begin PBXFrameworksBuildPhase section */
		7C00883118A8F84B00ED4B31 /* Frameworks */ = {
			isa = PBXFrameworksBuildPhase;
			buildActionMask = 2147483647;
			files = (
				7C34A64B18B2379D00EC31DA /* CoreData.framework in Frameworks */,
				7C00883A18A8F84B00ED4B31 /* CoreGraphics.framework in Frameworks */,
				7C00883C18A8F84B00ED4B31 /* UIKit.framework in Frameworks */,
				7C00883818A8F84B00ED4B31 /* Foundation.framework in Frameworks */,
				BCA93DB8D5A044DCBF5B4EA4 /* libPods-CodeFrontio-2014.a in Frameworks */,
			);
			runOnlyForDeploymentPostprocessing = 0;
		};
/* End PBXFrameworksBuildPhase section */

/* Begin PBXGroup section */
		7C00882B18A8F84B00ED4B31 = {
			isa = PBXGroup;
			children = (
				7C00883D18A8F84B00ED4B31 /* CodeFrontio-2014 */,
				7C00883618A8F84B00ED4B31 /* Frameworks */,
				7C00883518A8F84B00ED4B31 /* Products */,
				A8D757C9049C42AEB515F8C2 /* Pods-CodeFrontio-2014.xcconfig */,
			);
			sourceTree = "<group>";
		};
		7C00883518A8F84B00ED4B31 /* Products */ = {
			isa = PBXGroup;
			children = (
				7C00883418A8F84B00ED4B31 /* CodeFrontio-2014.app */,
			);
			name = Products;
			sourceTree = "<group>";
		};
		7C00883618A8F84B00ED4B31 /* Frameworks */ = {
			isa = PBXGroup;
			children = (
				7C34A64A18B2379D00EC31DA /* CoreData.framework */,
				7C00883718A8F84B00ED4B31 /* Foundation.framework */,
				7C00883918A8F84B00ED4B31 /* CoreGraphics.framework */,
				7C00883B18A8F84B00ED4B31 /* UIKit.framework */,
				A302BFD5A71F4B95B3A6CFB0 /* libPods-CodeFrontio-2014.a */,
			);
			name = Frameworks;
			sourceTree = "<group>";
		};
		7C00883D18A8F84B00ED4B31 /* CodeFrontio-2014 */ = {
			isa = PBXGroup;
			children = (
				7C00884618A8F84B00ED4B31 /* AppDelegate.h */,
				7C00884718A8F84B00ED4B31 /* AppDelegate.m */,
				7C422F9018A8FA4800195D6C /* iPad.storyboard */,
				7CFF7B2818EE9A9800A674F2 /* iPhone.storyboard */,
				7C3BC56E18B0FBE700CA0FC0 /* CodeFrontio.xcdatamodeld */,
				7C00885218A8F84B00ED4B31 /* Images.xcassets */,
				7C355C8218B6727000BB72B0 /* VenueImages.bundle */,
				7C3BC59318B10C8F00CA0FC0 /* Manager */,
				7C3BC56D18B0FAF300CA0FC0 /* Model */,
				7C3BC58318B100F700CA0FC0 /* Model+Categories */,
				7CCB106C18AE5B58007A2486 /* Categories */,
				7CCB106618AE1D04007A2486 /* Networking */,
				7CACCFDA18A906EB00D66A15 /* View */,
				7C422F9918A8FE4A00195D6C /* Controller */,
				7CACCFE618A9141200D66A15 /* Libraries */,
				7C00883E18A8F84B00ED4B31 /* Supporting Files */,
			);
			path = "CodeFrontio-2014";
			sourceTree = "<group>";
		};
		7C00883E18A8F84B00ED4B31 /* Supporting Files */ = {
			isa = PBXGroup;
			children = (
				7C00883F18A8F84B00ED4B31 /* CodeFrontio-2014-Info.plist */,
				7C00884018A8F84B00ED4B31 /* InfoPlist.strings */,
				7C00884318A8F84B00ED4B31 /* main.m */,
				7C00884518A8F84B00ED4B31 /* CodeFrontio-Prefix.pch */,
				7C422F9418A8FA6800195D6C /* Localizable.strings */,
			);
			name = "Supporting Files";
			sourceTree = "<group>";
		};
		7C064FBA18F1A720005CD375 /* Layout */ = {
			isa = PBXGroup;
			children = (
				7C064FBB18F1A790005CD375 /* BounceLayout.h */,
				7C064FBC18F1A790005CD375 /* BounceLayout.m */,
				7C064FBE18F1A99E005CD375 /* PagerLayout.h */,
				7C064FBF18F1A99E005CD375 /* PagerLayout.m */,
			);
			path = Layout;
			sourceTree = "<group>";
		};
		7C2FC84E18ED744000E3073F /* Base */ = {
			isa = PBXGroup;
			children = (
				7C2FC84F18ED745B00E3073F /* BaseViewController.h */,
				7C2FC85018ED745B00E3073F /* BaseViewController.m */,
			);
			path = Base;
			sourceTree = "<group>";
		};
		7C3BC56D18B0FAF300CA0FC0 /* Model */ = {
			isa = PBXGroup;
			children = (
				7CDE9FE918B4B9DA00E2F619 /* Photo.h */,
				7CDE9FEA18B4B9DA00E2F619 /* Photo.m */,
				7C213DCD18B3817300F96B01 /* Session.h */,
				7C213DCE18B3817300F96B01 /* Session.m */,
				7C213DCA18B34F2B00F96B01 /* Note.h */,
				7C213DCB18B34F2B00F96B01 /* Note.m */,
				7C34A64718B2268A00EC31DA /* Speaker.h */,
				7C34A64818B2268A00EC31DA /* Speaker.m */,
				7C34A64118B2268A00EC31DA /* Sponsor.h */,
				7C34A64218B2268A00EC31DA /* Sponsor.m */,
			);
			path = Model;
			sourceTree = "<group>";
		};
		7C3BC58318B100F700CA0FC0 /* Model+Categories */ = {
			isa = PBXGroup;
			children = (
				7C3BC58418B1011500CA0FC0 /* Sponsor+Create.h */,
				7C3BC58518B1011500CA0FC0 /* Sponsor+Create.m */,
				7C3BC58718B1011F00CA0FC0 /* Session+Create.h */,
				7C3BC58818B1011F00CA0FC0 /* Session+Create.m */,
				7C3BC58A18B1012900CA0FC0 /* Speaker+Create.h */,
				7C3BC58B18B1012900CA0FC0 /* Speaker+Create.m */,
			);
			path = "Model+Categories";
			sourceTree = "<group>";
		};
		7C3BC59318B10C8F00CA0FC0 /* Manager */ = {
			isa = PBXGroup;
			children = (
				7C3BC59418B10C9C00CA0FC0 /* Manager.h */,
				7C3BC59518B10C9C00CA0FC0 /* Manager.m */,
			);
			path = Manager;
			sourceTree = "<group>";
		};
		7C422F9918A8FE4A00195D6C /* Controller */ = {
			isa = PBXGroup;
			children = (
				7C2FC84E18ED744000E3073F /* Base */,
				7C422F9A18A8FE5500195D6C /* Master */,
				7CACCFE218A90C7600D66A15 /* Detail */,
			);
			path = Controller;
			sourceTree = "<group>";
		};
		7C422F9A18A8FE5500195D6C /* Master */ = {
			isa = PBXGroup;
			children = (
				7C422F9B18A8FE5F00195D6C /* MasterViewController.h */,
				7C422F9C18A8FE5F00195D6C /* MasterViewController.m */,
			);
			path = Master;
			sourceTree = "<group>";
		};
		7C83BB4B18AAD795003D3557 /* Session Detail */ = {
			isa = PBXGroup;
			children = (
				7C83BB4C18AAD7B0003D3557 /* SpeakerCell.h */,
				7C83BB4D18AAD7B0003D3557 /* SpeakerCell.m */,
				7C83BB4F18AAD7BE003D3557 /* NotesCell.h */,
				7C83BB5018AAD7BE003D3557 /* NotesCell.m */,
				7C83BB5218AAD7C7003D3557 /* PhotosCell.h */,
				7C83BB5318AAD7C7003D3557 /* PhotosCell.m */,
				7C83BB5518AADD40003D3557 /* PhotoCell.h */,
				7C83BB5618AADD40003D3557 /* PhotoCell.m */,
			);
			path = "Session Detail";
			sourceTree = "<group>";
		};
		7CACCFDA18A906EB00D66A15 /* View */ = {
			isa = PBXGroup;
			children = (
				7C01A55918B6AB2D007284F5 /* MasterViewHeader.h */,
				7C01A55A18B6AB2D007284F5 /* MasterViewHeader.m */,
				7CCB106A18AE4BF3007A2486 /* MasterViewHeader.xib */,
				7CACCFDB18A906F900D66A15 /* MenuCell.h */,
				7CACCFDC18A906F900D66A15 /* MenuCell.m */,
				7CCB107018AE5DF3007A2486 /* Calendar Scene */,
				7C83BB4B18AAD795003D3557 /* Session Detail */,
				7C2F3B5018B7417900A8A034 /* NoteCell.h */,
				7C2F3B5118B7417900A8A034 /* NoteCell.m */,
				7C2F3B4D18B73A3300A8A034 /* FavouriteCell.h */,
				7C2F3B4E18B73A3300A8A034 /* FavouriteCell.m */,
				7C3840F918AC0B0300A85C31 /* SponsorCell.h */,
				7C3840FA18AC0B0300A85C31 /* SponsorCell.m */,
				7C2D194F18BE3D36009C16E4 /* GrabberView.h */,
				7C2D195018BE3D36009C16E4 /* GrabberView.m */,
				7C064FBA18F1A720005CD375 /* Layout */,
			);
			path = View;
			sourceTree = "<group>";
		};
		7CACCFE218A90C7600D66A15 /* Detail */ = {
			isa = PBXGroup;
			children = (
				7CACCFE318A90CB200D66A15 /* CalendarViewController.h */,
				7CACCFE418A90CB200D66A15 /* CalendarViewController.m */,
				7C83BB4818AAD12A003D3557 /* SessionViewController.h */,
				7C83BB4918AAD12A003D3557 /* SessionViewController.m */,
				7C83BB4518AAA954003D3557 /* VenueViewController.h */,
				7C83BB4618AAA954003D3557 /* VenueViewController.m */,
				7C213DD318B3A25F00F96B01 /* NotesViewController.h */,
				7C213DD418B3A25F00F96B01 /* NotesViewController.m */,
				7C213DD018B384B300F96B01 /* FavouritesViewController.h */,
				7C213DD118B384B300F96B01 /* FavouritesViewController.m */,
				7C3840FC18AC0B4900A85C31 /* SponsorsViewController.h */,
				7C3840FD18AC0B4900A85C31 /* SponsorsViewController.m */,
			);
			path = Detail;
			sourceTree = "<group>";
		};
		7CACCFE618A9141200D66A15 /* Libraries */ = {
			isa = PBXGroup;
			children = (
				7CACCFE718A9142900D66A15 /* RFQuiltLayout */,
			);
			path = Libraries;
			sourceTree = "<group>";
		};
		7CACCFE718A9142900D66A15 /* RFQuiltLayout */ = {
			isa = PBXGroup;
			children = (
				7CACCFE818A9142900D66A15 /* RFQuiltLayout.h */,
				7CACCFE918A9142900D66A15 /* RFQuiltLayout.m */,
			);
			path = RFQuiltLayout;
			sourceTree = "<group>";
		};
		7CCB106618AE1D04007A2486 /* Networking */ = {
			isa = PBXGroup;
			children = (
				7CCB106718AE1D2A007A2486 /* LinzAPIClient.h */,
				7CCB106818AE1D2A007A2486 /* LinzAPIClient.m */,
			);
			path = Networking;
			sourceTree = "<group>";
		};
		7CCB106C18AE5B58007A2486 /* Categories */ = {
			isa = PBXGroup;
			children = (
				7CCB106D18AE5BAA007A2486 /* UIImage+FromUIColor.h */,
				7CCB106E18AE5BAA007A2486 /* UIImage+FromUIColor.m */,
				7C34A64F18B26AD800EC31DA /* NSDictionary+SortedKeys.h */,
				7C34A65018B26AD800EC31DA /* NSDictionary+SortedKeys.m */,
			);
			path = Categories;
			sourceTree = "<group>";
		};
		7CCB107018AE5DF3007A2486 /* Calendar Scene */ = {
			isa = PBXGroup;
			children = (
				7CCB107118AE5DF3007A2486 /* CalendarSessionCell.h */,
				7CCB107218AE5DF3007A2486 /* CalendarSessionCell.m */,
				7CCB107318AE5DF3007A2486 /* CalendarTimeCell.h */,
				7CCB107418AE5DF3007A2486 /* CalendarTimeCell.m */,
				7C34A64C18B24BE700EC31DA /* CalendarActivityCell.h */,
				7C34A64D18B24BE700EC31DA /* CalendarActivityCell.m */,
			);
			path = "Calendar Scene";
			sourceTree = "<group>";
		};
/* End PBXGroup section */

/* Begin PBXNativeTarget section */
		7C00883318A8F84B00ED4B31 /* CodeFrontio-2014 */ = {
			isa = PBXNativeTarget;
			buildConfigurationList = 7C00886918A8F84C00ED4B31 /* Build configuration list for PBXNativeTarget "CodeFrontio-2014" */;
			buildPhases = (
				44AB4C85EB2A4AB6AEE30F49 /* Check Pods Manifest.lock */,
				7C00883018A8F84B00ED4B31 /* Sources */,
				7C00883118A8F84B00ED4B31 /* Frameworks */,
				7C00883218A8F84B00ED4B31 /* Resources */,
				1ADFA69501B842789C2FAF6F /* Copy Pods Resources */,
			);
			buildRules = (
			);
			dependencies = (
			);
			name = "CodeFrontio-2014";
			productName = Linz;
			productReference = 7C00883418A8F84B00ED4B31 /* CodeFrontio-2014.app */;
			productType = "com.apple.product-type.application";
		};
/* End PBXNativeTarget section */

/* Begin PBXProject section */
		7C00882C18A8F84B00ED4B31 /* Project object */ = {
			isa = PBXProject;
			attributes = {
				LastUpgradeCheck = 0510;
				ORGANIZATIONNAME = "Ilter Cengiz";
				TargetAttributes = {
					7C00883318A8F84B00ED4B31 = {
						DevelopmentTeam = RTGTUFE5A5;
					};
				};
			};
			buildConfigurationList = 7C00882F18A8F84B00ED4B31 /* Build configuration list for PBXProject "CodeFrontio-2014" */;
			compatibilityVersion = "Xcode 3.2";
			developmentRegion = English;
			hasScannedForEncodings = 0;
			knownRegions = (
				en,
				Base,
				tr,
			);
			mainGroup = 7C00882B18A8F84B00ED4B31;
			productRefGroup = 7C00883518A8F84B00ED4B31 /* Products */;
			projectDirPath = "";
			projectRoot = "";
			targets = (
				7C00883318A8F84B00ED4B31 /* CodeFrontio-2014 */,
			);
		};
/* End PBXProject section */

/* Begin PBXResourcesBuildPhase section */
		7C00883218A8F84B00ED4B31 /* Resources */ = {
			isa = PBXResourcesBuildPhase;
			buildActionMask = 2147483647;
			files = (
				7C422F9118A8FA4800195D6C /* iPad.storyboard in Resources */,
				7C00885318A8F84B00ED4B31 /* Images.xcassets in Resources */,
				7C422F9218A8FA6800195D6C /* Localizable.strings in Resources */,
				7CCB106B18AE4BF3007A2486 /* MasterViewHeader.xib in Resources */,
				7C00884218A8F84B00ED4B31 /* InfoPlist.strings in Resources */,
				7C355C8318B6727000BB72B0 /* VenueImages.bundle in Resources */,
				7CFF7B2918EE9A9800A674F2 /* iPhone.storyboard in Resources */,
			);
			runOnlyForDeploymentPostprocessing = 0;
		};
/* End PBXResourcesBuildPhase section */

/* Begin PBXShellScriptBuildPhase section */
		1ADFA69501B842789C2FAF6F /* Copy Pods Resources */ = {
			isa = PBXShellScriptBuildPhase;
			buildActionMask = 2147483647;
			files = (
			);
			inputPaths = (
			);
			name = "Copy Pods Resources";
			outputPaths = (
			);
			runOnlyForDeploymentPostprocessing = 0;
			shellPath = /bin/sh;
			shellScript = "\"${SRCROOT}/Pods/Pods-CodeFrontio-2014-resources.sh\"\n";
			showEnvVarsInLog = 0;
		};
		44AB4C85EB2A4AB6AEE30F49 /* Check Pods Manifest.lock */ = {
			isa = PBXShellScriptBuildPhase;
			buildActionMask = 2147483647;
			files = (
			);
			inputPaths = (
			);
			name = "Check Pods Manifest.lock";
			outputPaths = (
			);
			runOnlyForDeploymentPostprocessing = 0;
			shellPath = /bin/sh;
			shellScript = "diff \"${PODS_ROOT}/../Podfile.lock\" \"${PODS_ROOT}/Manifest.lock\" > /dev/null\nif [[ $? != 0 ]] ; then\n    cat << EOM\nerror: The sandbox is not in sync with the Podfile.lock. Run 'pod install' or update your CocoaPods installation.\nEOM\n    exit 1\nfi\n";
			showEnvVarsInLog = 0;
		};
/* End PBXShellScriptBuildPhase section */

/* Begin PBXSourcesBuildPhase section */
		7C00883018A8F84B00ED4B31 /* Sources */ = {
			isa = PBXSourcesBuildPhase;
			buildActionMask = 2147483647;
			files = (
				7C34A64E18B24BE700EC31DA /* CalendarActivityCell.m in Sources */,
				7C00884818A8F84B00ED4B31 /* AppDelegate.m in Sources */,
				7CACCFEA18A9142900D66A15 /* RFQuiltLayout.m in Sources */,
				7C064FBD18F1A790005CD375 /* BounceLayout.m in Sources */,
				7C83BB4E18AAD7B0003D3557 /* SpeakerCell.m in Sources */,
				7C422F9D18A8FE5F00195D6C /* MasterViewController.m in Sources */,
				7C064FC018F1A99E005CD375 /* PagerLayout.m in Sources */,
				7C83BB5118AAD7BE003D3557 /* NotesCell.m in Sources */,
				7C3BC57018B0FBE700CA0FC0 /* CodeFrontio.xcdatamodeld in Sources */,
				7C34A65118B26AD800EC31DA /* NSDictionary+SortedKeys.m in Sources */,
				7C01A55B18B6AB2D007284F5 /* MasterViewHeader.m in Sources */,
				7C34A64918B2268A00EC31DA /* Speaker.m in Sources */,
				7C34A64318B2268A00EC31DA /* Sponsor.m in Sources */,
				7C2F3B4F18B73A3300A8A034 /* FavouriteCell.m in Sources */,
				7CCB106918AE1D2A007A2486 /* LinzAPIClient.m in Sources */,
				7CCB106F18AE5BAA007A2486 /* UIImage+FromUIColor.m in Sources */,
				7C83BB5718AADD40003D3557 /* PhotoCell.m in Sources */,
				7C213DCC18B34F2B00F96B01 /* Note.m in Sources */,
				7CACCFDD18A906F900D66A15 /* MenuCell.m in Sources */,
				7CACCFE518A90CB200D66A15 /* CalendarViewController.m in Sources */,
				7C3BC58C18B1012900CA0FC0 /* Speaker+Create.m in Sources */,
				7C3BC58918B1011F00CA0FC0 /* Session+Create.m in Sources */,
				7CCB107618AE5DF3007A2486 /* CalendarTimeCell.m in Sources */,
				7C3BC59618B10C9C00CA0FC0 /* Manager.m in Sources */,
				7C3BC58618B1011500CA0FC0 /* Sponsor+Create.m in Sources */,
				7C00884418A8F84B00ED4B31 /* main.m in Sources */,
				7C83BB5418AAD7C7003D3557 /* PhotosCell.m in Sources */,
				7C213DD518B3A25F00F96B01 /* NotesViewController.m in Sources */,
				7C3840FB18AC0B0300A85C31 /* SponsorCell.m in Sources */,
				7C83BB4A18AAD12A003D3557 /* SessionViewController.m in Sources */,
				7C213DCF18B3817300F96B01 /* Session.m in Sources */,
				7C83BB4718AAA954003D3557 /* VenueViewController.m in Sources */,
				7C2F3B5218B7417900A8A034 /* NoteCell.m in Sources */,
				7CCB107518AE5DF3007A2486 /* CalendarSessionCell.m in Sources */,
				7C2FC85118ED745B00E3073F /* BaseViewController.m in Sources */,
				7CDE9FEB18B4B9DA00E2F619 /* Photo.m in Sources */,
				7C3840FE18AC0B4900A85C31 /* SponsorsViewController.m in Sources */,
				7C213DD218B384B300F96B01 /* FavouritesViewController.m in Sources */,
				7C2D195118BE3D36009C16E4 /* GrabberView.m in Sources */,
			);
			runOnlyForDeploymentPostprocessing = 0;
		};
/* End PBXSourcesBuildPhase section */

/* Begin PBXVariantGroup section */
		7C00884018A8F84B00ED4B31 /* InfoPlist.strings */ = {
			isa = PBXVariantGroup;
			children = (
				7C00884118A8F84B00ED4B31 /* en */,
				7C422F9518A8FA7000195D6C /* tr */,
			);
			name = InfoPlist.strings;
			sourceTree = "<group>";
		};
		7C422F9418A8FA6800195D6C /* Localizable.strings */ = {
			isa = PBXVariantGroup;
			children = (
				7C422F9318A8FA6800195D6C /* en */,
				7C422F9618A8FA7000195D6C /* tr */,
			);
			name = Localizable.strings;
			sourceTree = "<group>";
		};
/* End PBXVariantGroup section */

/* Begin XCBuildConfiguration section */
		7C00886718A8F84C00ED4B31 /* Debug */ = {
			isa = XCBuildConfiguration;
			buildSettings = {
				ALWAYS_SEARCH_USER_PATHS = NO;
				CLANG_CXX_LANGUAGE_STANDARD = "gnu++0x";
				CLANG_CXX_LIBRARY = "libc++";
				CLANG_ENABLE_MODULES = YES;
				CLANG_ENABLE_OBJC_ARC = YES;
				CLANG_WARN_BOOL_CONVERSION = YES;
				CLANG_WARN_CONSTANT_CONVERSION = YES;
				CLANG_WARN_DIRECT_OBJC_ISA_USAGE = YES_ERROR;
				CLANG_WARN_EMPTY_BODY = YES;
				CLANG_WARN_ENUM_CONVERSION = YES;
				CLANG_WARN_INT_CONVERSION = YES;
				CLANG_WARN_OBJC_ROOT_CLASS = YES_ERROR;
				CLANG_WARN__DUPLICATE_METHOD_MATCH = YES;
				"CODE_SIGN_IDENTITY[sdk=iphoneos*]" = "iPhone Developer";
				COPY_PHASE_STRIP = NO;
				GCC_C_LANGUAGE_STANDARD = gnu99;
				GCC_DYNAMIC_NO_PIC = NO;
				GCC_OPTIMIZATION_LEVEL = 0;
				GCC_PREPROCESSOR_DEFINITIONS = (
					"DEBUG=1",
					"$(inherited)",
				);
				GCC_SYMBOLS_PRIVATE_EXTERN = NO;
				GCC_WARN_64_TO_32_BIT_CONVERSION = YES;
				GCC_WARN_ABOUT_RETURN_TYPE = YES_ERROR;
				GCC_WARN_UNDECLARED_SELECTOR = YES;
				GCC_WARN_UNINITIALIZED_AUTOS = YES;
				GCC_WARN_UNUSED_FUNCTION = YES;
				GCC_WARN_UNUSED_VARIABLE = YES;
				IPHONEOS_DEPLOYMENT_TARGET = 7.0;
				ONLY_ACTIVE_ARCH = YES;
				SDKROOT = iphoneos;
				TARGETED_DEVICE_FAMILY = 2;
			};
			name = Debug;
		};
		7C00886818A8F84C00ED4B31 /* Release */ = {
			isa = XCBuildConfiguration;
			buildSettings = {
				ALWAYS_SEARCH_USER_PATHS = NO;
				CLANG_CXX_LANGUAGE_STANDARD = "gnu++0x";
				CLANG_CXX_LIBRARY = "libc++";
				CLANG_ENABLE_MODULES = YES;
				CLANG_ENABLE_OBJC_ARC = YES;
				CLANG_WARN_BOOL_CONVERSION = YES;
				CLANG_WARN_CONSTANT_CONVERSION = YES;
				CLANG_WARN_DIRECT_OBJC_ISA_USAGE = YES_ERROR;
				CLANG_WARN_EMPTY_BODY = YES;
				CLANG_WARN_ENUM_CONVERSION = YES;
				CLANG_WARN_INT_CONVERSION = YES;
				CLANG_WARN_OBJC_ROOT_CLASS = YES_ERROR;
				CLANG_WARN__DUPLICATE_METHOD_MATCH = YES;
				"CODE_SIGN_IDENTITY[sdk=iphoneos*]" = "iPhone Developer";
				COPY_PHASE_STRIP = YES;
				ENABLE_NS_ASSERTIONS = NO;
				GCC_C_LANGUAGE_STANDARD = gnu99;
				GCC_WARN_64_TO_32_BIT_CONVERSION = YES;
				GCC_WARN_ABOUT_RETURN_TYPE = YES_ERROR;
				GCC_WARN_UNDECLARED_SELECTOR = YES;
				GCC_WARN_UNINITIALIZED_AUTOS = YES;
				GCC_WARN_UNUSED_FUNCTION = YES;
				GCC_WARN_UNUSED_VARIABLE = YES;
				IPHONEOS_DEPLOYMENT_TARGET = 7.0;
				SDKROOT = iphoneos;
				TARGETED_DEVICE_FAMILY = 2;
				VALIDATE_PRODUCT = YES;
			};
			name = Release;
		};
		7C00886A18A8F84C00ED4B31 /* Debug */ = {
			isa = XCBuildConfiguration;
			baseConfigurationReference = A8D757C9049C42AEB515F8C2 /* Pods-CodeFrontio-2014.xcconfig */;
			buildSettings = {
				ASSETCATALOG_COMPILER_APPICON_NAME = AppIcon;
				ASSETCATALOG_COMPILER_LAUNCHIMAGE_NAME = LaunchImage;
				CODE_SIGN_IDENTITY = "iPhone Developer: Ugur Ozyilmazel (T85D88WSB2)";
				GCC_PRECOMPILE_PREFIX_HEADER = YES;
				GCC_PREFIX_HEADER = "CodeFrontio-2014/CodeFrontio-Prefix.pch";
				INFOPLIST_FILE = "$(SRCROOT)/CodeFrontio-2014/CodeFrontio-2014-Info.plist";
				IPHONEOS_DEPLOYMENT_TARGET = 7.0;
				PRODUCT_NAME = "CodeFrontio-2014";
				PROVISIONING_PROFILE = "6F7FF16E-06B8-4EFD-A1B4-9329A04912D9";
				TARGETED_DEVICE_FAMILY = "1,2";
				WRAPPER_EXTENSION = app;
			};
			name = Debug;
		};
		7C00886B18A8F84C00ED4B31 /* Release */ = {
			isa = XCBuildConfiguration;
			baseConfigurationReference = A8D757C9049C42AEB515F8C2 /* Pods-CodeFrontio-2014.xcconfig */;
			buildSettings = {
				ASSETCATALOG_COMPILER_APPICON_NAME = AppIcon;
				ASSETCATALOG_COMPILER_LAUNCHIMAGE_NAME = LaunchImage;
				CODE_SIGN_IDENTITY = "iPhone Distribution: Ugur Ozyilmazel (RTGTUFE5A5)";
				GCC_PRECOMPILE_PREFIX_HEADER = YES;
				GCC_PREFIX_HEADER = "CodeFrontio-2014/CodeFrontio-Prefix.pch";
				INFOPLIST_FILE = "$(SRCROOT)/CodeFrontio-2014/CodeFrontio-2014-Info.plist";
				IPHONEOS_DEPLOYMENT_TARGET = 7.0;
				PRODUCT_NAME = "CodeFrontio-2014";
				PROVISIONING_PROFILE = "346B88E4-C2B1-43C1-B5E0-0D0D1DFA55E8";
				TARGETED_DEVICE_FAMILY = "1,2";
				WRAPPER_EXTENSION = app;
			};
			name = Release;
		};
/* End XCBuildConfiguration section */

/* Begin XCConfigurationList section */
		7C00882F18A8F84B00ED4B31 /* Build configuration list for PBXProject "CodeFrontio-2014" */ = {
			isa = XCConfigurationList;
			buildConfigurations = (
				7C00886718A8F84C00ED4B31 /* Debug */,
				7C00886818A8F84C00ED4B31 /* Release */,
			);
			defaultConfigurationIsVisible = 0;
			defaultConfigurationName = Release;
		};
		7C00886918A8F84C00ED4B31 /* Build configuration list for PBXNativeTarget "CodeFrontio-2014" */ = {
			isa = XCConfigurationList;
			buildConfigurations = (
				7C00886A18A8F84C00ED4B31 /* Debug */,
				7C00886B18A8F84C00ED4B31 /* Release */,
			);
			defaultConfigurationIsVisible = 0;
			defaultConfigurationName = Release;
		};
/* End XCConfigurationList section */

/* Begin XCVersionGroup section */
		7C3BC56E18B0FBE700CA0FC0 /* CodeFrontio.xcdatamodeld */ = {
			isa = XCVersionGroup;
			children = (
				7C3BC56F18B0FBE700CA0FC0 /* CodeFrontio.xcdatamodel */,
			);
			currentVersion = 7C3BC56F18B0FBE700CA0FC0 /* CodeFrontio.xcdatamodel */;
			path = CodeFrontio.xcdatamodeld;
			sourceTree = "<group>";
			versionGroupType = wrapper.xcdatamodel;
		};
/* End XCVersionGroup section */
	};
	rootObject = 7C00882C18A8F84B00ED4B31 /* Project object */;
}
